github.com/bytedisciple/logger v1.3.0 h1:N9kDbuiqD4ozFI4gtvULCJLru+DHbWt5cthX6PZ6s3E=
github.com/bytedisciple/logger v1.3.0/go.mod h1:Lu2qcIbps2nT7oguPz95B3p71JmbpnhAVh+u2LlmhyM=
github.com/bytedisciple/state v0.0.0-20210428015416-aebe9b345fc5 h1:gqbJkRUswVgciDkJRAkleD/SHysR8mp17NXJCHFrU5Q=
github.com/bytedisciple/state v0.0.0-20210428015416-aebe9b345fc5/go.mod h1:xG+XTa1j7kOxjzb/2KQ9pGljgIdFRLkYXwPutourdXU=
github.com/hexops/vecty v0.6.0 h1:iiHfDOLEJufGy/hfPGzOTPkZe6rCszElYmUSzRQqK1w=
github.com/hexops/vecty v0.6.0/go.mod h1:hVOPHAhrkXTf/9fl31Bpn2QvkW2ZOUZ0I3b3cohwCpI=
